# THIS IS AN AUTOGENERATED FILE. DO NOT EDIT THIS FILE DIRECTLY.
# yarn lockfile v1


dayjs@^1.8.32:
  version "1.8.32"
  resolved "https://registry.yarnpkg.com/dayjs/-/dayjs-1.8.32.tgz#66c48b95c397d9f7907e89bd29f78b3d19d40294"
  integrity sha512-V91aTRu5btP+uzGHaaOfodckEfBWhmi9foRP7cauAO1PTB8+tZ9o0Jec7q6TIIRY1N4q1IfiKsZunkB/AEWqMQ==
